
Microsoft Visual Studio Solution File, Format Version 12.00
# Visual Studio for Mac
Project("{FAE04EC0-301F-11D3-BF4B-00C04F79EFBC}") = "Assembly-CSharp", "Assembly-CSharp.csproj", "{D6EA2AA2-C7F7-68CB-48D8-DFF3DBE01FDF}"
EndProject
Project("{FAE04EC0-301F-11D3-BF4B-00C04F79EFBC}") = "Assembly-CSharp-Editor", "Assembly-CSharp-Editor.csproj", "{135C730A-40DE-799A-DDF6-278EF846D19A}"
EndProject
Global
	GlobalSection(SolutionConfigurationPlatforms) = preSolution
		Debug|Any CPU = Debug|Any CPU
		Release|Any CPU = Release|Any CPU
	EndGlobalSection
	GlobalSection(ProjectConfigurationPlatforms) = postSolution
		{D6EA2AA2-C7F7-68CB-48D8-DFF3DBE01FDF}.Debug|Any CPU.ActiveCfg = Debug|Any CPU
		{D6EA2AA2-C7F7-68CB-48D8-DFF3DBE01FDF}.Debug|Any CPU.Build.0 = Debug|Any CPU
		{D6EA2AA2-C7F7-68CB-48D8-DFF3DBE01FDF}.Release|Any CPU.ActiveCfg = Release|Any CPU
		{D6EA2AA2-C7F7-68CB-48D8-DFF3DBE01FDF}.Release|Any CPU.Build.0 = Release|Any CPU
		{135C730A-40DE-799A-DDF6-278EF846D19A}.Debug|Any CPU.ActiveCfg = Debug|Any CPU
		{135C730A-40DE-799A-DDF6-278EF846D19A}.Debug|Any CPU.Build.0 = Debug|Any CPU
		{135C730A-40DE-799A-DDF6-278EF846D19A}.Release|Any CPU.ActiveCfg = Release|Any CPU
		{135C730A-40DE-799A-DDF6-278EF846D19A}.Release|Any CPU.Build.0 = Release|Any CPU
	EndGlobalSection
	GlobalSection(SolutionProperties) = preSolution
		HideSolutionNode = FALSE
	EndGlobalSection
EndGlobal
